{
    "name": "mywebhome",
    "version": "0.1.0",
    "lockfileVersion": 3,
    "requires": true,
    "packages": {
        "": {
            "name": "mywebhome",
            "version": "0.1.0",
            "dependencies": {
                "@hono/node-server": "^1.14.0",
                "hono": "^4.7.0",
                "sql.js": "^1.12.0"
            },
            "engines": {
                "node": ">=18.0.0"
            }
        },
        "node_modules/@hono/node-server": {
            "version": "1.19.11",
            "resolved": "https://registry.npmjs.org/@hono/node-server/-/node-server-1.19.11.tgz",
            "integrity": "sha512-dr8/3zEaB+p0D2n/IUrlPF1HZm586qgJNXK1a9fhg/PzdtkK7Ksd5l312tJX2yBuALqDYBlG20QEbayqPyxn+g==",
            "license": "MIT",
            "engines": {
                "node": ">=18.14.1"
            },
            "peerDependencies": {
                "hono": "^4"
            }
        },
        "node_modules/hono": {
            "version": "4.12.5",
            "resolved": "https://registry.npmjs.org/hono/-/hono-4.12.5.tgz",
            "integrity": "sha512-3qq+FUBtlTHhtYxbxheZgY8NIFnkkC/MR8u5TTsr7YZ3wixryQ3cCwn3iZbg8p8B88iDBBAYSfZDS75t8MN7Vg==",
            "license": "MIT",
            "peer": true,
            "engines": {
                "node": ">=16.9.0"
            }
        },
        "node_modules/sql.js": {
            "version": "1.14.1",
            "resolved": "https://registry.npmjs.org/sql.js/-/sql.js-1.14.1.tgz",
            "integrity": "sha512-gcj8zBWU5cFsi9WUP+4bFNXAyF1iRpA3LLyS/DP5xlrNzGmPIizUeBggKa8DbDwdqaKwUcTEnChtd2grWo/x/A==",
            "license": "MIT"
        }
    }
}
